
Microsoft Visual Studio Solution File, Format Version 12.00
# Visual Studio Version 17
VisualStudioVersion = 17.0.32002.185
MinimumVisualStudioVersion = 10.0.40219.1
Project("{FAE04EC0-301F-11D3-BF4B-00C04F79EFBC}") = "gestione_archivio1", "gestione_archivio1.csproj", "{388A54E8-F8A7-4F30-9A70-E3673AED3E03}"
EndProject
Global
	GlobalSection(SolutionConfigurationPlatforms) = preSolution
		Debug|Any CPU = Debug|Any CPU
		Release|Any CPU = Release|Any CPU
	EndGlobalSection
	GlobalSection(ProjectConfigurationPlatforms) = postSolution
		{388A54E8-F8A7-4F30-9A70-E3673AED3E03}.Debug|Any CPU.ActiveCfg = Debug|Any CPU
		{388A54E8-F8A7-4F30-9A70-E3673AED3E03}.Debug|Any CPU.Build.0 = Debug|Any CPU
		{388A54E8-F8A7-4F30-9A70-E3673AED3E03}.Release|Any CPU.ActiveCfg = Release|Any CPU
		{388A54E8-F8A7-4F30-9A70-E3673AED3E03}.Release|Any CPU.Build.0 = Release|Any CPU
	EndGlobalSection
	GlobalSection(SolutionProperties) = preSolution
		HideSolutionNode = FALSE
	EndGlobalSection
	GlobalSection(ExtensibilityGlobals) = postSolution
		SolutionGuid = {2AEF3D11-6490-46EF-8C0C-5FC62D2982E4}
	EndGlobalSection
EndGlobal
